{
    "_meta": {
        "hash": {
            "sha256": "68f5defb64deff5e05dd9b441a5cd00f36d53a9b9aacf6776c0f27f35f04a243"
        },
        "pipfile-spec": 6,
        "requires": {
            "python_version": "3.6"
        },
        "sources": [
            {
                "name": "pypi",
                "url": "https://pypi.org/simple",
                "verify_ssl": true
            }
        ]
    },
    "default": {
        "cmake": {
            "hashes": [
                "sha256:39bbeeb0ee8620913b5e60403ee1603a27c2177b2dda4f5a6c9e0e7af9e29774",
                "sha256:3ea8bbcdce3364c23e0f252ce792a96c29d1ed29861c7b275a27fe832714889d",
                "sha256:59c167b260a9eb76ef216ea6b1916d607cf467b9a83f2c7e585760cc87162291",
                "sha256:828b9918fc97c68e8491221bf9ba684936e6d881848b30741580ec0239c3237c",
                "sha256:abeed6b61476e517b53776e025dd33fa0f4c10cfb985ced346b895075a31db79",
                "sha256:b61184b90d4c70e7f892fe16b44d5426688bb98fc1ec640880f86dd1841cd9e6",
                "sha256:d3f21b880f3f5028629201275b6bb97bbc4fa288467b641a34fb3e4c3161fb00",
                "sha256:dfa3b3c28f34bd65d1862186f14e87eb84551866948acc8e876762e70a8bd58d",
                "sha256:e0b81c4efd0ddef3e7705d1d93bc8d31ba6603da83cdfd617f879ab3dcb462ac",
                "sha256:e8da3c9e6ed6d460965e88937ca6e4d91205a4341a8cd316082c09050f1b0822",
                "sha256:f5839595152154467f7fde1ddab15628bdf927a9c5671918764a90cd57dd25b4",
                "sha256:fc503362b9a1c71d329b52096be1298f37884cf8582c32636416fbfa8eed7160"
            ],
            "index": "pypi",
            "version": "==3.18.2.post1"
        }
    },
    "develop": {}
}
